// !$*UTF8*$!
{
	archiveVersion = 1;
	classes = {
	};
	objectVersion = 46;
	objects = {

/* Begin PBXBuildFile section */
		8203A4211EB18D41001D564A /* AppDelegate.swift in Sources */ = {isa = PBXBuildFile; fileRef = 8203A4201EB18D41001D564A /* AppDelegate.swift */; };
		8203A4261EB18D41001D564A /* Main.storyboard in Resources */ = {isa = PBXBuildFile; fileRef = 8203A4241EB18D41001D564A /* Main.storyboard */; };
		8203A4281EB18D41001D564A /* Assets.xcassets in Resources */ = {isa = PBXBuildFile; fileRef = 8203A4271EB18D41001D564A /* Assets.xcassets */; };
		8203A42B1EB18D41001D564A /* LaunchScreen.storyboard in Resources */ = {isa = PBXBuildFile; fileRef = 8203A4291EB18D41001D564A /* LaunchScreen.storyboard */; };
		8203A4331EB18FE4001D564A /* CardsViewController.swift in Sources */ = {isa = PBXBuildFile; fileRef = 8203A4321EB18FE4001D564A /* CardsViewController.swift */; };
		8203A4371EB192D9001D564A /* DraggableImageView.xib in Resources */ = {isa = PBXBuildFile; fileRef = 8203A4351EB192D9001D564A /* DraggableImageView.xib */; };
		8203A4391EB1931F001D564A /* DraggableImageView.swift in Sources */ = {isa = PBXBuildFile; fileRef = 8203A4381EB1931F001D564A /* DraggableImageView.swift */; };
/* End PBXBuildFile section */

/* Begin PBXFileReference section */
		8203A41D1EB18D41001D564A /* Tinder.app */ = {isa = PBXFileReference; explicitFileType = wrapper.application; includeInIndex = 0; path = Tinder.app; sourceTree = BUILT_PRODUCTS_DIR; };
		8203A4201EB18D41001D564A /* AppDelegate.swift */ = {isa = PBXFileReference; lastKnownFileType = sourcecode.swift; path = AppDelegate.swift; sourceTree = "<group>"; };
		8203A4251EB18D41001D564A /* Base */ = {isa = PBXFileReference; lastKnownFileType = file.storyboard; name = Base; path = Base.lproj/Main.storyboard; sourceTree = "<group>"; };
		8203A4271EB18D41001D564A /* Assets.xcassets */ = {isa = PBXFileReference; lastKnownFileType = folder.assetcatalog; path = Assets.xcassets; sourceTree = "<group>"; };
		8203A42A1EB18D41001D564A /* Base */ = {isa = PBXFileReference; lastKnownFileType = file.storyboard; name = Base; path = Base.lproj/LaunchScreen.storyboard; sourceTree = "<group>"; };
		8203A42C1EB18D41001D564A /* Info.plist */ = {isa = PBXFileReference; lastKnownFileType = text.plist.xml; path = Info.plist; sourceTree = "<group>"; };
		8203A4321EB18FE4001D564A /* CardsViewController.swift */ = {isa = PBXFileReference; fileEncoding = 4; lastKnownFileType = sourcecode.swift; path = CardsViewController.swift; sourceTree = "<group>"; };
		8203A4351EB192D9001D564A /* DraggableImageView.xib */ = {isa = PBXFileReference; fileEncoding = 4; lastKnownFileType = file.xib; path = DraggableImageView.xib; sourceTree = "<group>"; };
		8203A4381EB1931F001D564A /* DraggableImageView.swift */ = {isa = PBXFileReference; fileEncoding = 4; lastKnownFileType = sourcecode.swift; path = DraggableImageView.swift; sourceTree = "<group>"; };
/* End PBXFileReference section */

/* Begin PBXFrameworksBuildPhase section */
		8203A41A1EB18D41001D564A /* Frameworks */ = {
			isa = PBXFrameworksBuildPhase;
			buildActionMask = 2147483647;
			files = (
			);
			runOnlyForDeploymentPostprocessing = 0;
		};
/* End PBXFrameworksBuildPhase section */

/* Begin PBXGroup section */
		8203A4141EB18D41001D564A = {
			isa = PBXGroup;
			children = (
				8203A41F1EB18D41001D564A /* Tinder */,
				8203A41E1EB18D41001D564A /* Products */,
			);
			sourceTree = "<group>";
		};
		8203A41E1EB18D41001D564A /* Products */ = {
			isa = PBXGroup;
			children = (
				8203A41D1EB18D41001D564A /* Tinder.app */,
			);
			name = Products;
			sourceTree = "<group>";
		};
		8203A41F1EB18D41001D564A /* Tinder */ = {
			isa = PBXGroup;
			children = (
				8203A4201EB18D41001D564A /* AppDelegate.swift */,
				8203A4241EB18D41001D564A /* Main.storyboard */,
				8203A4351EB192D9001D564A /* DraggableImageView.xib */,
				8203A4271EB18D41001D564A /* Assets.xcassets */,
				8203A4291EB18D41001D564A /* LaunchScreen.storyboard */,
				8203A42C1EB18D41001D564A /* Info.plist */,
				8203A4321EB18FE4001D564A /* CardsViewController.swift */,
				8203A4381EB1931F001D564A /* DraggableImageView.swift */,
			);
			path = Tinder;
			sourceTree = "<group>";
		};
/* End PBXGroup section */

/* Begin PBXNativeTarget section */
		8203A41C1EB18D41001D564A /* Tinder */ = {
			isa = PBXNativeTarget;
			buildConfigurationList = 8203A42F1EB18D41001D564A /* Build configuration list for PBXNativeTarget "Tinder" */;
			buildPhases = (
				8203A4191EB18D41001D564A /* Sources */,
				8203A41A1EB18D41001D564A /* Frameworks */,
				8203A41B1EB18D41001D564A /* Resources */,
			);
			buildRules = (
			);
			dependencies = (
			);
			name = Tinder;
			productName = Tinder;
			productReference = 8203A41D1EB18D41001D564A /* Tinder.app */;
			productType = "com.apple.product-type.application";
		};
/* End PBXNativeTarget section */

/* Begin PBXProject section */
		8203A4151EB18D41001D564A /* Project object */ = {
			isa = PBXProject;
			attributes = {
				LastSwiftUpdateCheck = 0830;
				LastUpgradeCheck = 0830;
				ORGANIZATIONNAME = "Yan, Tristan";
				TargetAttributes = {
					8203A41C1EB18D41001D564A = {
						CreatedOnToolsVersion = 8.3.2;
						DevelopmentTeam = 5JR4XX68PE;
						ProvisioningStyle = Automatic;
					};
				};
			};
			buildConfigurationList = 8203A4181EB18D41001D564A /* Build configuration list for PBXProject "Tinder" */;
			compatibilityVersion = "Xcode 3.2";
			developmentRegion = English;
			hasScannedForEncodings = 0;
			knownRegions = (
				en,
				Base,
			);
			mainGroup = 8203A4141EB18D41001D564A;
			productRefGroup = 8203A41E1EB18D41001D564A /* Products */;
			projectDirPath = "";
			projectRoot = "";
			targets = (
				8203A41C1EB18D41001D564A /* Tinder */,
			);
		};
/* End PBXProject section */

/* Begin PBXResourcesBuildPhase section */
		8203A41B1EB18D41001D564A /* Resources */ = {
			isa = PBXResourcesBuildPhase;
			buildActionMask = 2147483647;
			files = (
				8203A4371EB192D9001D564A /* DraggableImageView.xib in Resources */,
				8203A42B1EB18D41001D564A /* LaunchScreen.storyboard in Resources */,
				8203A4281EB18D41001D564A /* Assets.xcassets in Resources */,
				8203A4261EB18D41001D564A /* Main.storyboard in Resources */,
			);
			runOnlyForDeploymentPostprocessing = 0;
		};
/* End PBXResourcesBuildPhase section */

/* Begin PBXSourcesBuildPhase section */
		8203A4191EB18D41001D564A /* Sources */ = {
			isa = PBXSourcesBuildPhase;
			buildActionMask = 2147483647;
			files = (
				8203A4331EB18FE4001D564A /* CardsViewController.swift in Sources */,
				8203A4391EB1931F001D564A /* DraggableImageView.swift in Sources */,
				8203A4211EB18D41001D564A /* AppDelegate.swift in Sources */,
			);
			runOnlyForDeploymentPostprocessing = 0;
		};
/* End PBXSourcesBuildPhase section */

/* Begin PBXVariantGroup section */
		8203A4241EB18D41001D564A /* Main.storyboard */ = {
			isa = PBXVariantGroup;
			children = (
				8203A4251EB18D41001D564A /* Base */,
			);
			name = Main.storyboard;
			sourceTree = "<group>";
		};
		8203A4291EB18D41001D564A /* LaunchScreen.storyboard */ = {
			isa = PBXVariantGroup;
			children = (
				8203A42A1EB18D41001D564A /* Base */,
			);
			name = LaunchScreen.storyboard;
			sourceTree = "<group>";
		};
/* End PBXVariantGroup section */

/* Begin XCBuildConfiguration section */
		8203A42D1EB18D41001D564A /* Debug */ = {
			isa = XCBuildConfiguration;
			buildSettings = {
				ALWAYS_SEARCH_USER_PATHS = NO;
				CLANG_ANALYZER_NONNULL = YES;
				CLANG_ANALYZER_NUMBER_OBJECT_CONVERSION = YES_AGGRESSIVE;
				CLANG_CXX_LANGUAGE_STANDARD = "gnu++0x";
				CLANG_CXX_LIBRARY = "libc++";
				CLANG_ENABLE_MODULES = YES;
				CLANG_ENABLE_OBJC_ARC = YES;
				CLANG_WARN_BOOL_CONVERSION = YES;
				CLANG_WARN_CONSTANT_CONVERSION = YES;
				CLANG_WARN_DIRECT_OBJC_ISA_USAGE = YES_ERROR;
				CLANG_WARN_DOCUMENTATION_COMMENTS = YES;
				CLANG_WARN_EMPTY_BODY = YES;
				CLANG_WARN_ENUM_CONVERSION = YES;
				CLANG_WARN_INFINITE_RECURSION = YES;
				CLANG_WARN_INT_CONVERSION = YES;
				CLANG_WARN_OBJC_ROOT_CLASS = YES_ERROR;
				CLANG_WARN_SUSPICIOUS_MOVE = YES;
				CLANG_WARN_UNREACHABLE_CODE = YES;
				CLANG_WARN__DUPLICATE_METHOD_MATCH = YES;
				"CODE_SIGN_IDENTITY[sdk=iphoneos*]" = "iPhone Developer";
				COPY_PHASE_STRIP = NO;
				DEBUG_INFORMATION_FORMAT = dwarf;
				ENABLE_STRICT_OBJC_MSGSEND = YES;
				ENABLE_TESTABILITY = YES;
				GCC_C_LANGUAGE_STANDARD = gnu99;
				GCC_DYNAMIC_NO_PIC = NO;
				GCC_NO_COMMON_BLOCKS = YES;
				GCC_OPTIMIZATION_LEVEL = 0;
				GCC_PREPROCESSOR_DEFINITIONS = (
					"DEBUG=1",
					"$(inherited)",
				);
				GCC_WARN_64_TO_32_BIT_CONVERSION = YES;
				GCC_WARN_ABOUT_RETURN_TYPE = YES_ERROR;
				GCC_WARN_UNDECLARED_SELECTOR = YES;
				GCC_WARN_UNINITIALIZED_AUTOS = YES_AGGRESSIVE;
				GCC_WARN_UNUSED_FUNCTION = YES;
				GCC_WARN_UNUSED_VARIABLE = YES;
				IPHONEOS_DEPLOYMENT_TARGET = 10.3;
				MTL_ENABLE_DEBUG_INFO = YES;
				ONLY_ACTIVE_ARCH = YES;
				SDKROOT = iphoneos;
				SWIFT_ACTIVE_COMPILATION_CONDITIONS = DEBUG;
				SWIFT_OPTIMIZATION_LEVEL = "-Onone";
				TARGETED_DEVICE_FAMILY = "1,2";
			};
			name = Debug;
		};
		8203A42E1EB18D41001D564A /* Release */ = {
			isa = XCBuildConfiguration;
			buildSettings = {
				ALWAYS_SEARCH_USER_PATHS = NO;
				CLANG_ANALYZER_NONNULL = YES;
				CLANG_ANALYZER_NUMBER_OBJECT_CONVERSION = YES_AGGRESSIVE;
				CLANG_CXX_LANGUAGE_STANDARD = "gnu++0x";
				CLANG_CXX_LIBRARY = "libc++";
				CLANG_ENABLE_MODULES = YES;
				CLANG_ENABLE_OBJC_ARC = YES;
				CLANG_WARN_BOOL_CONVERSION = YES;
				CLANG_WARN_CONSTANT_CONVERSION = YES;
				CLANG_WARN_DIRECT_OBJC_ISA_USAGE = YES_ERROR;
				CLANG_WARN_DOCUMENTATION_COMMENTS = YES;
				CLANG_WARN_EMPTY_BODY = YES;
				CLANG_WARN_ENUM_CONVERSION = YES;
				CLANG_WARN_INFINITE_RECURSION = YES;
				CLANG_WARN_INT_CONVERSION = YES;
				CLANG_WARN_OBJC_ROOT_CLASS = YES_ERROR;
				CLANG_WARN_SUSPICIOUS_MOVE = YES;
				CLANG_WARN_UNREACHABLE_CODE = YES;
				CLANG_WARN__DUPLICATE_METHOD_MATCH = YES;
				"CODE_SIGN_IDENTITY[sdk=iphoneos*]" = "iPhone Developer";
				COPY_PHASE_STRIP = NO;
				DEBUG_INFORMATION_FORMAT = "dwarf-with-dsym";
				ENABLE_NS_ASSERTIONS = NO;
				ENABLE_STRICT_OBJC_MSGSEND = YES;
				GCC_C_LANGUAGE_STANDARD = gnu99;
				GCC_NO_COMMON_BLOCKS = YES;
				GCC_WARN_64_TO_32_BIT_CONVERSION = YES;
				GCC_WARN_ABOUT_RETURN_TYPE = YES_ERROR;
				GCC_WARN_UNDECLARED_SELECTOR = YES;
				GCC_WARN_UNINITIALIZED_AUTOS = YES_AGGRESSIVE;
				GCC_WARN_UNUSED_FUNCTION = YES;
				GCC_WARN_UNUSED_VARIABLE = YES;
				IPHONEOS_DEPLOYMENT_TARGET = 10.3;
				MTL_ENABLE_DEBUG_INFO = NO;
				SDKROOT = iphoneos;
				SWIFT_OPTIMIZATION_LEVEL = "-Owholemodule";
				TARGETED_DEVICE_FAMILY = "1,2";
				VALIDATE_PRODUCT = YES;
			};
			name = Release;
		};
		8203A4301EB18D41001D564A /* Debug */ = {
			isa = XCBuildConfiguration;
			buildSettings = {
				ASSETCATALOG_COMPILER_APPICON_NAME = AppIcon;
				DEVELOPMENT_TEAM = 5JR4XX68PE;
				INFOPLIST_FILE = Tinder/Info.plist;
				LD_RUNPATH_SEARCH_PATHS = "$(inherited) @executable_path/Frameworks";
				PRODUCT_BUNDLE_IDENTIFIER = com.haiboyan.Tinder;
				PRODUCT_NAME = "$(TARGET_NAME)";
				SWIFT_VERSION = 3.0;
			};
			name = Debug;
		};
		8203A4311EB18D41001D564A /* Release */ = {
			isa = XCBuildConfiguration;
			buildSettings = {
				ASSETCATALOG_COMPILER_APPICON_NAME = AppIcon;
				DEVELOPMENT_TEAM = 5JR4XX68PE;
				INFOPLIST_FILE = Tinder/Info.plist;
				LD_RUNPATH_SEARCH_PATHS = "$(inherited) @executable_path/Frameworks";
				PRODUCT_BUNDLE_IDENTIFIER = com.haiboyan.Tinder;
				PRODUCT_NAME = "$(TARGET_NAME)";
				SWIFT_VERSION = 3.0;
			};
			name = Release;
		};
/* End XCBuildConfiguration section */

/* Begin XCConfigurationList section */
		8203A4181EB18D41001D564A /* Build configuration list for PBXProject "Tinder" */ = {
			isa = XCConfigurationList;
			buildConfigurations = (
				8203A42D1EB18D41001D564A /* Debug */,
				8203A42E1EB18D41001D564A /* Release */,
			);
			defaultConfigurationIsVisible = 0;
			defaultConfigurationName = Release;
		};
		8203A42F1EB18D41001D564A /* Build configuration list for PBXNativeTarget "Tinder" */ = {
			isa = XCConfigurationList;
			buildConfigurations = (
				8203A4301EB18D41001D564A /* Debug */,
				8203A4311EB18D41001D564A /* Release */,
			);
			defaultConfigurationIsVisible = 0;
		};
/* End XCConfigurationList section */
	};
	rootObject = 8203A4151EB18D41001D564A /* Project object */;
}
