// !$*UTF8*$!
{
	archiveVersion = 1;
	classes = {
	};
	objectVersion = 46;
	objects = {

/* Begin PBXBuildFile section */
		321265B81E26DB6F4A6824D0 /* Pods_TwitterClient.framework in Frameworks */ = {isa = PBXBuildFile; fileRef = 29621A80445D229D5760E917 /* Pods_TwitterClient.framework */; };
		826849761E9EF52E003AC072 /* TwitterClient.swift in Sources */ = {isa = PBXBuildFile; fileRef = 826849751E9EF52E003AC072 /* TwitterClient.swift */; };
		82C3A5FF1EA08A1B007517F5 /* User.swift in Sources */ = {isa = PBXBuildFile; fileRef = 82C3A5FE1EA08A1B007517F5 /* User.swift */; };
		82C3A6021EA09FAA007517F5 /* TweetsViewController.swift in Sources */ = {isa = PBXBuildFile; fileRef = 82C3A6011EA09FAA007517F5 /* TweetsViewController.swift */; };
		82F476FC1E9DE4E7008D53CC /* AppDelegate.swift in Sources */ = {isa = PBXBuildFile; fileRef = 82F476FB1E9DE4E7008D53CC /* AppDelegate.swift */; };
		82F476FE1E9DE4E7008D53CC /* LoginViewController.swift in Sources */ = {isa = PBXBuildFile; fileRef = 82F476FD1E9DE4E7008D53CC /* LoginViewController.swift */; };
		82F477011E9DE4E7008D53CC /* Main.storyboard in Resources */ = {isa = PBXBuildFile; fileRef = 82F476FF1E9DE4E7008D53CC /* Main.storyboard */; };
		82F477031E9DE4E7008D53CC /* Assets.xcassets in Resources */ = {isa = PBXBuildFile; fileRef = 82F477021E9DE4E7008D53CC /* Assets.xcassets */; };
		82F477061E9DE4E7008D53CC /* LaunchScreen.storyboard in Resources */ = {isa = PBXBuildFile; fileRef = 82F477041E9DE4E7008D53CC /* LaunchScreen.storyboard */; };
		82F477101E9DEBEF008D53CC /* Tweet.swift in Sources */ = {isa = PBXBuildFile; fileRef = 82F4770F1E9DEBEF008D53CC /* Tweet.swift */; };
/* End PBXBuildFile section */

/* Begin PBXFileReference section */
		29621A80445D229D5760E917 /* Pods_TwitterClient.framework */ = {isa = PBXFileReference; explicitFileType = wrapper.framework; includeInIndex = 0; path = Pods_TwitterClient.framework; sourceTree = BUILT_PRODUCTS_DIR; };
		2C202498CDC6D761736644C6 /* Pods-TwitterClient.debug.xcconfig */ = {isa = PBXFileReference; includeInIndex = 1; lastKnownFileType = text.xcconfig; name = "Pods-TwitterClient.debug.xcconfig"; path = "Pods/Target Support Files/Pods-TwitterClient/Pods-TwitterClient.debug.xcconfig"; sourceTree = "<group>"; };
		8268496F1E9EF15A003AC072 /* TwitterClient-Bridging-Header.h */ = {isa = PBXFileReference; lastKnownFileType = sourcecode.c.h; path = "TwitterClient-Bridging-Header.h"; sourceTree = "<group>"; };
		826849751E9EF52E003AC072 /* TwitterClient.swift */ = {isa = PBXFileReference; fileEncoding = 4; lastKnownFileType = sourcecode.swift; path = TwitterClient.swift; sourceTree = "<group>"; };
		82C3A5FE1EA08A1B007517F5 /* User.swift */ = {isa = PBXFileReference; fileEncoding = 4; lastKnownFileType = sourcecode.swift; path = User.swift; sourceTree = "<group>"; };
		82C3A6011EA09FAA007517F5 /* TweetsViewController.swift */ = {isa = PBXFileReference; fileEncoding = 4; lastKnownFileType = sourcecode.swift; path = TweetsViewController.swift; sourceTree = "<group>"; };
		82F476F81E9DE4E7008D53CC /* TwitterClient.app */ = {isa = PBXFileReference; explicitFileType = wrapper.application; includeInIndex = 0; path = TwitterClient.app; sourceTree = BUILT_PRODUCTS_DIR; };
		82F476FB1E9DE4E7008D53CC /* AppDelegate.swift */ = {isa = PBXFileReference; lastKnownFileType = sourcecode.swift; path = AppDelegate.swift; sourceTree = "<group>"; };
		82F476FD1E9DE4E7008D53CC /* LoginViewController.swift */ = {isa = PBXFileReference; lastKnownFileType = sourcecode.swift; path = LoginViewController.swift; sourceTree = "<group>"; };
		82F477001E9DE4E7008D53CC /* Base */ = {isa = PBXFileReference; lastKnownFileType = file.storyboard; name = Base; path = Base.lproj/Main.storyboard; sourceTree = "<group>"; };
		82F477021E9DE4E7008D53CC /* Assets.xcassets */ = {isa = PBXFileReference; lastKnownFileType = folder.assetcatalog; path = Assets.xcassets; sourceTree = "<group>"; };
		82F477051E9DE4E7008D53CC /* Base */ = {isa = PBXFileReference; lastKnownFileType = file.storyboard; name = Base; path = Base.lproj/LaunchScreen.storyboard; sourceTree = "<group>"; };
		82F477071E9DE4E7008D53CC /* Info.plist */ = {isa = PBXFileReference; lastKnownFileType = text.plist.xml; path = Info.plist; sourceTree = "<group>"; };
		82F4770F1E9DEBEF008D53CC /* Tweet.swift */ = {isa = PBXFileReference; fileEncoding = 4; lastKnownFileType = sourcecode.swift; path = Tweet.swift; sourceTree = "<group>"; };
		B94320664A5F35E7E0CB7876 /* Pods-TwitterClient.release.xcconfig */ = {isa = PBXFileReference; includeInIndex = 1; lastKnownFileType = text.xcconfig; name = "Pods-TwitterClient.release.xcconfig"; path = "Pods/Target Support Files/Pods-TwitterClient/Pods-TwitterClient.release.xcconfig"; sourceTree = "<group>"; };
/* End PBXFileReference section */

/* Begin PBXFrameworksBuildPhase section */
		82F476F51E9DE4E7008D53CC /* Frameworks */ = {
			isa = PBXFrameworksBuildPhase;
			buildActionMask = 2147483647;
			files = (
				321265B81E26DB6F4A6824D0 /* Pods_TwitterClient.framework in Frameworks */,
			);
			runOnlyForDeploymentPostprocessing = 0;
		};
/* End PBXFrameworksBuildPhase section */

/* Begin PBXGroup section */
		085CE3CF18859F848EFE8595 /* Pods */ = {
			isa = PBXGroup;
			children = (
				2C202498CDC6D761736644C6 /* Pods-TwitterClient.debug.xcconfig */,
				B94320664A5F35E7E0CB7876 /* Pods-TwitterClient.release.xcconfig */,
			);
			name = Pods;
			sourceTree = "<group>";
		};
		77404B561B3BEF2F5F2C1EAB /* Frameworks */ = {
			isa = PBXGroup;
			children = (
				29621A80445D229D5760E917 /* Pods_TwitterClient.framework */,
			);
			name = Frameworks;
			sourceTree = "<group>";
		};
		826849721E9EF1B1003AC072 /* API */ = {
			isa = PBXGroup;
			children = (
				826849751E9EF52E003AC072 /* TwitterClient.swift */,
			);
			name = API;
			sourceTree = "<group>";
		};
		82C3A5FD1EA089ED007517F5 /* Models */ = {
			isa = PBXGroup;
			children = (
				82F4770F1E9DEBEF008D53CC /* Tweet.swift */,
				82C3A5FE1EA08A1B007517F5 /* User.swift */,
			);
			name = Models;
			sourceTree = "<group>";
		};
		82C3A6001EA09F6F007517F5 /* ViewController */ = {
			isa = PBXGroup;
			children = (
				82F476FD1E9DE4E7008D53CC /* LoginViewController.swift */,
				82C3A6011EA09FAA007517F5 /* TweetsViewController.swift */,
			);
			name = ViewController;
			sourceTree = "<group>";
		};
		82F476EF1E9DE4E7008D53CC = {
			isa = PBXGroup;
			children = (
				82F476FA1E9DE4E7008D53CC /* TwitterClient */,
				82F476F91E9DE4E7008D53CC /* Products */,
				085CE3CF18859F848EFE8595 /* Pods */,
				77404B561B3BEF2F5F2C1EAB /* Frameworks */,
			);
			sourceTree = "<group>";
		};
		82F476F91E9DE4E7008D53CC /* Products */ = {
			isa = PBXGroup;
			children = (
				82F476F81E9DE4E7008D53CC /* TwitterClient.app */,
			);
			name = Products;
			sourceTree = "<group>";
		};
		82F476FA1E9DE4E7008D53CC /* TwitterClient */ = {
			isa = PBXGroup;
			children = (
				82C3A6001EA09F6F007517F5 /* ViewController */,
				82C3A5FD1EA089ED007517F5 /* Models */,
				826849721E9EF1B1003AC072 /* API */,
				82F476FB1E9DE4E7008D53CC /* AppDelegate.swift */,
				82F476FF1E9DE4E7008D53CC /* Main.storyboard */,
				82F477021E9DE4E7008D53CC /* Assets.xcassets */,
				82F477041E9DE4E7008D53CC /* LaunchScreen.storyboard */,
				82F477071E9DE4E7008D53CC /* Info.plist */,
				8268496F1E9EF15A003AC072 /* TwitterClient-Bridging-Header.h */,
			);
			path = TwitterClient;
			sourceTree = "<group>";
		};
/* End PBXGroup section */

/* Begin PBXNativeTarget section */
		82F476F71E9DE4E7008D53CC /* TwitterClient */ = {
			isa = PBXNativeTarget;
			buildConfigurationList = 82F4770A1E9DE4E7008D53CC /* Build configuration list for PBXNativeTarget "TwitterClient" */;
			buildPhases = (
				ABEBCA59D5237F5633CF46C6 /* [CP] Check Pods Manifest.lock */,
				82F476F41E9DE4E7008D53CC /* Sources */,
				82F476F51E9DE4E7008D53CC /* Frameworks */,
				82F476F61E9DE4E7008D53CC /* Resources */,
				2339237FC226DEF23F6B0740 /* [CP] Embed Pods Frameworks */,
				F30EB06A2184CDB883E41D08 /* [CP] Copy Pods Resources */,
			);
			buildRules = (
			);
			dependencies = (
			);
			name = TwitterClient;
			productName = TwitterClient;
			productReference = 82F476F81E9DE4E7008D53CC /* TwitterClient.app */;
			productType = "com.apple.product-type.application";
		};
/* End PBXNativeTarget section */

/* Begin PBXProject section */
		82F476F01E9DE4E7008D53CC /* Project object */ = {
			isa = PBXProject;
			attributes = {
				LastSwiftUpdateCheck = 0830;
				LastUpgradeCheck = 0830;
				ORGANIZATIONNAME = "Yan, Tristan";
				TargetAttributes = {
					82F476F71E9DE4E7008D53CC = {
						CreatedOnToolsVersion = 8.3.1;
						DevelopmentTeam = 5JR4XX68PE;
						LastSwiftMigration = 0830;
						ProvisioningStyle = Automatic;
					};
				};
			};
			buildConfigurationList = 82F476F31E9DE4E7008D53CC /* Build configuration list for PBXProject "TwitterClient" */;
			compatibilityVersion = "Xcode 3.2";
			developmentRegion = English;
			hasScannedForEncodings = 0;
			knownRegions = (
				en,
				Base,
			);
			mainGroup = 82F476EF1E9DE4E7008D53CC;
			productRefGroup = 82F476F91E9DE4E7008D53CC /* Products */;
			projectDirPath = "";
			projectRoot = "";
			targets = (
				82F476F71E9DE4E7008D53CC /* TwitterClient */,
			);
		};
/* End PBXProject section */

/* Begin PBXResourcesBuildPhase section */
		82F476F61E9DE4E7008D53CC /* Resources */ = {
			isa = PBXResourcesBuildPhase;
			buildActionMask = 2147483647;
			files = (
				82F477061E9DE4E7008D53CC /* LaunchScreen.storyboard in Resources */,
				82F477031E9DE4E7008D53CC /* Assets.xcassets in Resources */,
				82F477011E9DE4E7008D53CC /* Main.storyboard in Resources */,
			);
			runOnlyForDeploymentPostprocessing = 0;
		};
/* End PBXResourcesBuildPhase section */

/* Begin PBXShellScriptBuildPhase section */
		2339237FC226DEF23F6B0740 /* [CP] Embed Pods Frameworks */ = {
			isa = PBXShellScriptBuildPhase;
			buildActionMask = 2147483647;
			files = (
			);
			inputPaths = (
			);
			name = "[CP] Embed Pods Frameworks";
			outputPaths = (
			);
			runOnlyForDeploymentPostprocessing = 0;
			shellPath = /bin/sh;
			shellScript = "\"${SRCROOT}/Pods/Target Support Files/Pods-TwitterClient/Pods-TwitterClient-frameworks.sh\"\n";
			showEnvVarsInLog = 0;
		};
		ABEBCA59D5237F5633CF46C6 /* [CP] Check Pods Manifest.lock */ = {
			isa = PBXShellScriptBuildPhase;
			buildActionMask = 2147483647;
			files = (
			);
			inputPaths = (
			);
			name = "[CP] Check Pods Manifest.lock";
			outputPaths = (
			);
			runOnlyForDeploymentPostprocessing = 0;
			shellPath = /bin/sh;
			shellScript = "diff \"${PODS_ROOT}/../Podfile.lock\" \"${PODS_ROOT}/Manifest.lock\" > /dev/null\nif [ $? != 0 ] ; then\n    # print error to STDERR\n    echo \"error: The sandbox is not in sync with the Podfile.lock. Run 'pod install' or update your CocoaPods installation.\" >&2\n    exit 1\nfi\n";
			showEnvVarsInLog = 0;
		};
		F30EB06A2184CDB883E41D08 /* [CP] Copy Pods Resources */ = {
			isa = PBXShellScriptBuildPhase;
			buildActionMask = 2147483647;
			files = (
			);
			inputPaths = (
			);
			name = "[CP] Copy Pods Resources";
			outputPaths = (
			);
			runOnlyForDeploymentPostprocessing = 0;
			shellPath = /bin/sh;
			shellScript = "\"${SRCROOT}/Pods/Target Support Files/Pods-TwitterClient/Pods-TwitterClient-resources.sh\"\n";
			showEnvVarsInLog = 0;
		};
/* End PBXShellScriptBuildPhase section */

/* Begin PBXSourcesBuildPhase section */
		82F476F41E9DE4E7008D53CC /* Sources */ = {
			isa = PBXSourcesBuildPhase;
			buildActionMask = 2147483647;
			files = (
				826849761E9EF52E003AC072 /* TwitterClient.swift in Sources */,
				82F476FE1E9DE4E7008D53CC /* LoginViewController.swift in Sources */,
				82C3A6021EA09FAA007517F5 /* TweetsViewController.swift in Sources */,
				82F476FC1E9DE4E7008D53CC /* AppDelegate.swift in Sources */,
				82C3A5FF1EA08A1B007517F5 /* User.swift in Sources */,
				82F477101E9DEBEF008D53CC /* Tweet.swift in Sources */,
			);
			runOnlyForDeploymentPostprocessing = 0;
		};
/* End PBXSourcesBuildPhase section */

/* Begin PBXVariantGroup section */
		82F476FF1E9DE4E7008D53CC /* Main.storyboard */ = {
			isa = PBXVariantGroup;
			children = (
				82F477001E9DE4E7008D53CC /* Base */,
			);
			name = Main.storyboard;
			sourceTree = "<group>";
		};
		82F477041E9DE4E7008D53CC /* LaunchScreen.storyboard */ = {
			isa = PBXVariantGroup;
			children = (
				82F477051E9DE4E7008D53CC /* Base */,
			);
			name = LaunchScreen.storyboard;
			sourceTree = "<group>";
		};
/* End PBXVariantGroup section */

/* Begin XCBuildConfiguration section */
		82F477081E9DE4E7008D53CC /* Debug */ = {
			isa = XCBuildConfiguration;
			buildSettings = {
				ALWAYS_SEARCH_USER_PATHS = NO;
				CLANG_ANALYZER_NONNULL = YES;
				CLANG_ANALYZER_NUMBER_OBJECT_CONVERSION = YES_AGGRESSIVE;
				CLANG_CXX_LANGUAGE_STANDARD = "gnu++0x";
				CLANG_CXX_LIBRARY = "libc++";
				CLANG_ENABLE_MODULES = YES;
				CLANG_ENABLE_OBJC_ARC = YES;
				CLANG_WARN_BOOL_CONVERSION = YES;
				CLANG_WARN_CONSTANT_CONVERSION = YES;
				CLANG_WARN_DIRECT_OBJC_ISA_USAGE = YES_ERROR;
				CLANG_WARN_DOCUMENTATION_COMMENTS = YES;
				CLANG_WARN_EMPTY_BODY = YES;
				CLANG_WARN_ENUM_CONVERSION = YES;
				CLANG_WARN_INFINITE_RECURSION = YES;
				CLANG_WARN_INT_CONVERSION = YES;
				CLANG_WARN_OBJC_ROOT_CLASS = YES_ERROR;
				CLANG_WARN_SUSPICIOUS_MOVE = YES;
				CLANG_WARN_UNREACHABLE_CODE = YES;
				CLANG_WARN__DUPLICATE_METHOD_MATCH = YES;
				"CODE_SIGN_IDENTITY[sdk=iphoneos*]" = "iPhone Developer";
				COPY_PHASE_STRIP = NO;
				DEBUG_INFORMATION_FORMAT = dwarf;
				ENABLE_STRICT_OBJC_MSGSEND = YES;
				ENABLE_TESTABILITY = YES;
				GCC_C_LANGUAGE_STANDARD = gnu99;
				GCC_DYNAMIC_NO_PIC = NO;
				GCC_NO_COMMON_BLOCKS = YES;
				GCC_OPTIMIZATION_LEVEL = 0;
				GCC_PREPROCESSOR_DEFINITIONS = (
					"DEBUG=1",
					"$(inherited)",
				);
				GCC_WARN_64_TO_32_BIT_CONVERSION = YES;
				GCC_WARN_ABOUT_RETURN_TYPE = YES_ERROR;
				GCC_WARN_UNDECLARED_SELECTOR = YES;
				GCC_WARN_UNINITIALIZED_AUTOS = YES_AGGRESSIVE;
				GCC_WARN_UNUSED_FUNCTION = YES;
				GCC_WARN_UNUSED_VARIABLE = YES;
				IPHONEOS_DEPLOYMENT_TARGET = 10.3;
				MTL_ENABLE_DEBUG_INFO = YES;
				ONLY_ACTIVE_ARCH = YES;
				SDKROOT = iphoneos;
				SWIFT_ACTIVE_COMPILATION_CONDITIONS = DEBUG;
				SWIFT_OPTIMIZATION_LEVEL = "-Onone";
				TARGETED_DEVICE_FAMILY = "1,2";
			};
			name = Debug;
		};
		82F477091E9DE4E7008D53CC /* Release */ = {
			isa = XCBuildConfiguration;
			buildSettings = {
				ALWAYS_SEARCH_USER_PATHS = NO;
				CLANG_ANALYZER_NONNULL = YES;
				CLANG_ANALYZER_NUMBER_OBJECT_CONVERSION = YES_AGGRESSIVE;
				CLANG_CXX_LANGUAGE_STANDARD = "gnu++0x";
				CLANG_CXX_LIBRARY = "libc++";
				CLANG_ENABLE_MODULES = YES;
				CLANG_ENABLE_OBJC_ARC = YES;
				CLANG_WARN_BOOL_CONVERSION = YES;
				CLANG_WARN_CONSTANT_CONVERSION = YES;
				CLANG_WARN_DIRECT_OBJC_ISA_USAGE = YES_ERROR;
				CLANG_WARN_DOCUMENTATION_COMMENTS = YES;
				CLANG_WARN_EMPTY_BODY = YES;
				CLANG_WARN_ENUM_CONVERSION = YES;
				CLANG_WARN_INFINITE_RECURSION = YES;
				CLANG_WARN_INT_CONVERSION = YES;
				CLANG_WARN_OBJC_ROOT_CLASS = YES_ERROR;
				CLANG_WARN_SUSPICIOUS_MOVE = YES;
				CLANG_WARN_UNREACHABLE_CODE = YES;
				CLANG_WARN__DUPLICATE_METHOD_MATCH = YES;
				"CODE_SIGN_IDENTITY[sdk=iphoneos*]" = "iPhone Developer";
				COPY_PHASE_STRIP = NO;
				DEBUG_INFORMATION_FORMAT = "dwarf-with-dsym";
				ENABLE_NS_ASSERTIONS = NO;
				ENABLE_STRICT_OBJC_MSGSEND = YES;
				GCC_C_LANGUAGE_STANDARD = gnu99;
				GCC_NO_COMMON_BLOCKS = YES;
				GCC_WARN_64_TO_32_BIT_CONVERSION = YES;
				GCC_WARN_ABOUT_RETURN_TYPE = YES_ERROR;
				GCC_WARN_UNDECLARED_SELECTOR = YES;
				GCC_WARN_UNINITIALIZED_AUTOS = YES_AGGRESSIVE;
				GCC_WARN_UNUSED_FUNCTION = YES;
				GCC_WARN_UNUSED_VARIABLE = YES;
				IPHONEOS_DEPLOYMENT_TARGET = 10.3;
				MTL_ENABLE_DEBUG_INFO = NO;
				SDKROOT = iphoneos;
				SWIFT_OPTIMIZATION_LEVEL = "-Owholemodule";
				TARGETED_DEVICE_FAMILY = "1,2";
				VALIDATE_PRODUCT = YES;
			};
			name = Release;
		};
		82F4770B1E9DE4E7008D53CC /* Debug */ = {
			isa = XCBuildConfiguration;
			baseConfigurationReference = 2C202498CDC6D761736644C6 /* Pods-TwitterClient.debug.xcconfig */;
			buildSettings = {
				ASSETCATALOG_COMPILER_APPICON_NAME = AppIcon;
				CLANG_ENABLE_MODULES = YES;
				DEVELOPMENT_TEAM = 5JR4XX68PE;
				INFOPLIST_FILE = TwitterClient/Info.plist;
				LD_RUNPATH_SEARCH_PATHS = "$(inherited) @executable_path/Frameworks";
				PRODUCT_BUNDLE_IDENTIFIER = com.haiboyan.TwitterClient;
				PRODUCT_NAME = "$(TARGET_NAME)";
				SWIFT_OBJC_BRIDGING_HEADER = "TwitterClient/TwitterClient-Bridging-Header.h";
				SWIFT_OPTIMIZATION_LEVEL = "-Onone";
				SWIFT_VERSION = 3.0;
			};
			name = Debug;
		};
		82F4770C1E9DE4E7008D53CC /* Release */ = {
			isa = XCBuildConfiguration;
			baseConfigurationReference = B94320664A5F35E7E0CB7876 /* Pods-TwitterClient.release.xcconfig */;
			buildSettings = {
				ASSETCATALOG_COMPILER_APPICON_NAME = AppIcon;
				CLANG_ENABLE_MODULES = YES;
				DEVELOPMENT_TEAM = 5JR4XX68PE;
				INFOPLIST_FILE = TwitterClient/Info.plist;
				LD_RUNPATH_SEARCH_PATHS = "$(inherited) @executable_path/Frameworks";
				PRODUCT_BUNDLE_IDENTIFIER = com.haiboyan.TwitterClient;
				PRODUCT_NAME = "$(TARGET_NAME)";
				SWIFT_OBJC_BRIDGING_HEADER = "TwitterClient/TwitterClient-Bridging-Header.h";
				SWIFT_VERSION = 3.0;
			};
			name = Release;
		};
/* End XCBuildConfiguration section */

/* Begin XCConfigurationList section */
		82F476F31E9DE4E7008D53CC /* Build configuration list for PBXProject "TwitterClient" */ = {
			isa = XCConfigurationList;
			buildConfigurations = (
				82F477081E9DE4E7008D53CC /* Debug */,
				82F477091E9DE4E7008D53CC /* Release */,
			);
			defaultConfigurationIsVisible = 0;
			defaultConfigurationName = Release;
		};
		82F4770A1E9DE4E7008D53CC /* Build configuration list for PBXNativeTarget "TwitterClient" */ = {
			isa = XCConfigurationList;
			buildConfigurations = (
				82F4770B1E9DE4E7008D53CC /* Debug */,
				82F4770C1E9DE4E7008D53CC /* Release */,
			);
			defaultConfigurationIsVisible = 0;
			defaultConfigurationName = Release;
		};
/* End XCConfigurationList section */
	};
	rootObject = 82F476F01E9DE4E7008D53CC /* Project object */;
}
